{
  "name": "@dracul/dayjs-frontend",
  "version": "1.20.11",
  "lockfileVersion": 1,
  "requires": true,
  "dependencies": {
    "vuetify": {
      "version": "2.6.10",
      "resolved": "https://registry.npmjs.org/vuetify/-/vuetify-2.6.10.tgz",
      "integrity": "sha512-fgUeRDDCwYkwu6WGEEKGe7IdfzOsXJCZGrqkn1pcS2ycuoDL8mR2/dejH5iFNnBY6MnsT365PAGn0J+9otjfQg==",
      "dev": true
    }
  }
}
