{
  "name": "@dracul/settings-frontend",
  "version": "1.16.1",
  "lockfileVersion": 1,
  "requires": true,
  "dependencies": {
    "vuetify": {
      "version": "2.6.12",
      "resolved": "https://registry.npmjs.org/vuetify/-/vuetify-2.6.12.tgz",
      "integrity": "sha512-qe3hcMpWmT1O15tp+p65lOS7UKZ/hQYQktCsw9iXx2u3RwVbX6GR82gY2iROrKsiAzYDvMgrYxWQwY/pUfkekw==",
      "dev": true
    }
  }
}
