{
	"name": "@dracul/access-frontend",
	"version": "1.0.0",
	"lockfileVersion": 1,
	"requires": true,
	"dependencies": {
		"vuetify": {
			"version": "2.6.15",
			"resolved": "https://registry.npmjs.org/vuetify/-/vuetify-2.6.15.tgz",
			"integrity": "sha512-2a6sBSHzivXgi9pZMyHuzTgMyInCkj/BrVwTnoCa1Y/Dnfwj7lkWzgKQDScbGVK0q4vJ+YHoBBrLOmnhz1R0YA==",
			"dev": true
		}
	}
}
